<?xml version="1.0" encoding="utf-8"?>
<Project ToolsVersion="4.0" xmlns="http://schemas.microsoft.com/developer/msbuild/2003">
  <ItemGroup>
    <Filter Include="Source Files">
      <UniqueIdentifier>{4FC737F1-C7A5-4376-A066-2A32D752A2FF}</UniqueIdentifier>
      <Extensions>cpp;c;cc;cxx;c++;cppm;ixx;def;odl;idl;hpj;bat;asm;asmx</Extensions>
    </Filter>
    <Filter Include="Header Files">
      <UniqueIdentifier>{93995380-89BD-4b04-88EB-625FBE52EBFB}</UniqueIdentifier>
      <Extensions>h;hh;hpp;hxx;h++;hm;inl;inc;ipp;xsd</Extensions>
    </Filter>
    <Filter Include="Resource Files">
      <UniqueIdentifier>{67DA6AB6-F800-4c08-8B7A-83BB121AAD01}</UniqueIdentifier>
      <Extensions>rc;ico;cur;bmp;dlg;rc2;rct;bin;rgs;gif;jpg;jpeg;jpe;resx;tiff;tif;png;wav;mfcribbon-ms</Extensions>
    </Filter>
  </ItemGroup>
  <ItemGroup>
    <ClInclude Include="src\Game.h">
      <Filter>Header Files</Filter>
    </ClInclude>
    <ClInclude Include="src\Character\Header\Character.h">
      <Filter>Header Files</Filter>
    </ClInclude>
    <ClInclude Include="src\Character\Header\Enemy.h">
      <Filter>Header Files</Filter>
    </ClInclude>
    <ClInclude Include="src\Character\Header\Player.h">
      <Filter>Header Files</Filter>
    </ClInclude>
    <ClInclude Include="src\Abilities\Header\Ability.h">
      <Filter>Header Files</Filter>
    </ClInclude>
    <ClInclude Include="src\GameMechanics\OpenWorld.h">
      <Filter>Header Files</Filter>
    </ClInclude>
    <ClInclude Include="src\GameMechanics\Combat.h">
      <Filter>Header Files</Filter>
    </ClInclude>
    <ClInclude Include="src\Misc\ConsoleHelpers.h">
      <Filter>Header Files</Filter>
    </ClInclude>
    <ClInclude Include="src\Abilities\Header\Fireball.h">
      <Filter>Header Files</Filter>
    </ClInclude>
    <ClInclude Include="src\Abilities\Header\Rejuvenate.h">
      <Filter>Header Files</Filter>
    </ClInclude>
    <ClInclude Include="src\Abilities\Header\MeteorStrike.h">
      <Filter>Header Files</Filter>
    </ClInclude>
    <ClInclude Include="src\Math\Header\Cell.h">
      <Filter>Header Files</Filter>
    </ClInclude>
    <ClInclude Include="src\Math\Header\Grid.h">
      <Filter>Header Files</Filter>
    </ClInclude>
    <ClInclude Include="src\Math\Header\Int2.h">
      <Filter>Header Files</Filter>
    </ClInclude>
    <ClInclude Include="src\Abilities\Header\Backstab.h">
      <Filter>Header Files</Filter>
    </ClInclude>
    <ClInclude Include="src\Abilities\Header\Rumble.h">
      <Filter>Header Files</Filter>
    </ClInclude>
    <ClInclude Include="src\Abilities\Header\Claw.h">
      <Filter>Header Files</Filter>
    </ClInclude>
    <ClInclude Include="src\Abilities\Header\Howl.h">
      <Filter>Header Files</Filter>
    </ClInclude>
    <ClInclude Include="src\Abilities\Header\Smash.h">
      <Filter>Header Files</Filter>
    </ClInclude>
    <ClInclude Include="src\Abilities\Header\AllAbilites.h">
      <Filter>Header Files</Filter>
    </ClInclude>
    <ClInclude Include="src\GameMechanics\Element.h">
      <Filter>Header Files</Filter>
    </ClInclude>
    <ClInclude Include="src\Character\Header\Yeti.h">
      <Filter>Header Files</Filter>
    </ClInclude>
    <ClInclude Include="src\Character\Header\Crawler.h">
      <Filter>Header Files</Filter>
    </ClInclude>
    <ClInclude Include="src\Character\Header\AllCharacters.h">
      <Filter>Header Files</Filter>
    </ClInclude>
    <ClInclude Include="src\Character\Header\Monolith.h">
      <Filter>Header Files</Filter>
    </ClInclude>
    <ClInclude Include="src\Character\Header\Exile.h">
      <Filter>Header Files</Filter>
    </ClInclude>
    <ClInclude Include="src\Character\Header\Flame of Fury.h">
      <Filter>Header Files</Filter>
    </ClInclude>
    <ClInclude Include="src\Abilities\Header\Placeholder.h">
      <Filter>Header Files</Filter>
    </ClInclude>
    <ClInclude Include="src\Misc\Quicksort.h">
      <Filter>Header Files</Filter>
    </ClInclude>
    <ClInclude Include="src\GameMechanics\WorldGeneration.h">
      <Filter>Header Files</Filter>
    </ClInclude>
    <ClInclude Include="src\GameMechanics\World\Region.h">
      <Filter>Header Files</Filter>
    </ClInclude>
    <ClInclude Include="src\GameMechanics\World\World.h">
      <Filter>Header Files</Filter>
    </ClInclude>
    <ClInclude Include="src\GameMechanics\World\Chunk.h">
      <Filter>Header Files</Filter>
    </ClInclude>
  </ItemGroup>
  <ItemGroup>
    <ClCompile Include="Main.cpp">
      <Filter>Source Files</Filter>
    </ClCompile>
    <ClCompile Include="src\Game.cpp">
      <Filter>Source Files</Filter>
    </ClCompile>
    <ClCompile Include="src\Character\Character.cpp">
      <Filter>Source Files</Filter>
    </ClCompile>
    <ClCompile Include="src\Character\Enemies\Enemy.cpp">
      <Filter>Source Files</Filter>
    </ClCompile>
    <ClCompile Include="src\Character\Player.cpp">
      <Filter>Source Files</Filter>
    </ClCompile>
    <ClCompile Include="src\Abilities\Ability.cpp">
      <Filter>Source Files</Filter>
    </ClCompile>
    <ClCompile Include="src\GameMechanics\Combat.cpp">
      <Filter>Source Files</Filter>
    </ClCompile>
    <ClCompile Include="src\GameMechanics\OpenWorld.cpp">
      <Filter>Source Files</Filter>
    </ClCompile>
    <ClCompile Include="src\Misc\ConsoleHelpers.cpp">
      <Filter>Source Files</Filter>
    </ClCompile>
    <ClCompile Include="src\Abilities\Fireball.cpp">
      <Filter>Source Files</Filter>
    </ClCompile>
    <ClCompile Include="src\Abilities\Rejuvenate.cpp">
      <Filter>Source Files</Filter>
    </ClCompile>
    <ClCompile Include="src\Abilities\MeteorStrike.cpp">
      <Filter>Source Files</Filter>
    </ClCompile>
    <ClCompile Include="src\Math\Cell.cpp">
      <Filter>Source Files</Filter>
    </ClCompile>
    <ClCompile Include="src\Math\Grid.cpp">
      <Filter>Source Files</Filter>
    </ClCompile>
    <ClCompile Include="src\Math\Int2.cpp">
      <Filter>Source Files</Filter>
    </ClCompile>
    <ClCompile Include="src\Abilities\Smash.cpp">
      <Filter>Source Files</Filter>
    </ClCompile>
    <ClCompile Include="src\Abilities\Howl.cpp">
      <Filter>Source Files</Filter>
    </ClCompile>
    <ClCompile Include="src\Abilities\Claw.cpp">
      <Filter>Source Files</Filter>
    </ClCompile>
    <ClCompile Include="src\Abilities\Rumble.cpp">
      <Filter>Source Files</Filter>
    </ClCompile>
    <ClCompile Include="src\Abilities\Backstab.cpp">
      <Filter>Source Files</Filter>
    </ClCompile>
    <ClCompile Include="src\Character\Enemies\Yeti.cpp">
      <Filter>Source Files</Filter>
    </ClCompile>
    <ClCompile Include="src\Character\Enemies\Crawler.cpp">
      <Filter>Source Files</Filter>
    </ClCompile>
    <ClCompile Include="src\Character\Enemies\Flame of Fury.cpp">
      <Filter>Source Files</Filter>
    </ClCompile>
    <ClCompile Include="src\Character\Enemies\Monolith.cpp">
      <Filter>Source Files</Filter>
    </ClCompile>
    <ClCompile Include="src\Character\Enemies\Exile.cpp">
      <Filter>Source Files</Filter>
    </ClCompile>
    <ClCompile Include="src\Abilities\Placeholder.cpp">
      <Filter>Source Files</Filter>
    </ClCompile>
    <ClCompile Include="src\Misc\Quicksort.cpp">
      <Filter>Source Files</Filter>
    </ClCompile>
    <ClCompile Include="src\GameMechanics\WorldGeneration.cpp">
      <Filter>Source Files</Filter>
    </ClCompile>
    <ClCompile Include="src\GameMechanics\World\Region.cpp">
      <Filter>Source Files</Filter>
    </ClCompile>
    <ClCompile Include="src\GameMechanics\World\World.cpp">
      <Filter>Source Files</Filter>
    </ClCompile>
    <ClCompile Include="src\GameMechanics\World\Chunk.cpp">
      <Filter>Source Files</Filter>
    </ClCompile>
  </ItemGroup>
  <ItemGroup>
    <Text Include="resources\World.txt" />
  </ItemGroup>
</Project>